
Microsoft Visual Studio Solution File, Format Version 12.00
# Visual Studio Version 17
VisualStudioVersion = 17.13.35828.75
MinimumVisualStudioVersion = 10.0.40219.1
Project("{8BC9CEB8-8B4A-11D0-8D11-00A0C91BC942}") = "memproc_core", "memproc_core.vcxproj", "{B41C66E0-04F8-4049-B41F-5A0D15B1DAD7}"
EndProject
Global
	GlobalSection(SolutionConfigurationPlatforms) = preSolution
		Debug|x64 = Debug|x64
		Release|x64 = Release|x64
	EndGlobalSection
	GlobalSection(ProjectConfigurationPlatforms) = postSolution
		{B41C66E0-04F8-4049-B41F-5A0D15B1DAD7}.Debug|x64.ActiveCfg = Debug|x64
		{B41C66E0-04F8-4049-B41F-5A0D15B1DAD7}.Debug|x64.Build.0 = Debug|x64
		{B41C66E0-04F8-4049-B41F-5A0D15B1DAD7}.Debug|x64.Deploy.0 = Debug|x64
		{B41C66E0-04F8-4049-B41F-5A0D15B1DAD7}.Release|x64.ActiveCfg = Release|x64
		{B41C66E0-04F8-4049-B41F-5A0D15B1DAD7}.Release|x64.Build.0 = Release|x64
		{B41C66E0-04F8-4049-B41F-5A0D15B1DAD7}.Release|x64.Deploy.0 = Release|x64
	EndGlobalSection
	GlobalSection(SolutionProperties) = preSolution
		HideSolutionNode = FALSE
	EndGlobalSection
	GlobalSection(ExtensibilityGlobals) = postSolution
		SolutionGuid = {3A9A5122-63D2-4208-86D6-8C35EA7188DD}
	EndGlobalSection
EndGlobal
