<?xml version="1.0" encoding="utf-8"?>
<Project ToolsVersion="4.0" xmlns="http://schemas.microsoft.com/developer/msbuild/2003">
  <ItemGroup>
    <Filter Include="Source Files">
      <UniqueIdentifier>{4FC737F1-C7A5-4376-A066-2A32D752A2FF}</UniqueIdentifier>
      <Extensions>cpp;c;cc;cxx;def;odl;idl;hpj;bat;asm;asmx</Extensions>
    </Filter>
    <Filter Include="Header Files">
      <UniqueIdentifier>{93995380-89BD-4b04-88EB-625FBE52EBFB}</UniqueIdentifier>
      <Extensions>h;hpp;hxx;hm;inl;inc;xsd</Extensions>
    </Filter>
    <Filter Include="Source Files\Asm">
      <UniqueIdentifier>{e78788c1-a6d7-4c70-94d6-beff9601e0d8}</UniqueIdentifier>
    </Filter>
  </ItemGroup>
  <ItemGroup>
    <ClCompile Include="sources\Driver.cpp">
      <Filter>Source Files</Filter>
    </ClCompile>
    <ClCompile Include="sources\ept.cpp">
      <Filter>Source Files</Filter>
    </ClCompile>
    <ClCompile Include="sources\gdt.cpp">
      <Filter>Source Files</Filter>
    </ClCompile>
    <ClCompile Include="sources\Globals.cpp">
      <Filter>Source Files</Filter>
    </ClCompile>
    <ClCompile Include="sources\hypervisor_gateway.cpp">
      <Filter>Source Files</Filter>
    </ClCompile>
    <ClCompile Include="sources\hypervisor_routines.cpp">
      <Filter>Source Files</Filter>
    </ClCompile>
    <ClCompile Include="sources\idt.cpp">
      <Filter>Source Files</Filter>
    </ClCompile>
    <ClCompile Include="sources\invalid_ept.cpp">
      <Filter>Source Files</Filter>
    </ClCompile>
    <ClCompile Include="sources\invalid_pcid.cpp">
      <Filter>Source Files</Filter>
    </ClCompile>
    <ClCompile Include="sources\invalid_vpid.cpp">
      <Filter>Source Files</Filter>
    </ClCompile>
    <ClCompile Include="sources\poolmanager.cpp">
      <Filter>Source Files</Filter>
    </ClCompile>
    <ClCompile Include="sources\spinlock.cpp">
      <Filter>Source Files</Filter>
    </ClCompile>
    <ClCompile Include="sources\vmcs.cpp">
      <Filter>Source Files</Filter>
    </ClCompile>
    <ClCompile Include="sources\vmcall_handler.cpp">
      <Filter>Source Files</Filter>
    </ClCompile>
    <ClCompile Include="sources\vmm.cpp">
      <Filter>Source Files</Filter>
    </ClCompile>
    <ClCompile Include="sources\vmexit_handler.cpp">
      <Filter>Source Files</Filter>
    </ClCompile>
    <ClCompile Include="sources\HookSystem.cpp">
      <Filter>Source Files</Filter>
    </ClCompile>
    <ClCompile Include="sources\HookHelper.cpp">
      <Filter>Source Files</Filter>
    </ClCompile>
  </ItemGroup>
  <ItemGroup>
    <MASM Include="ASM\AsmCallset.asm">
      <Filter>Source Files\Asm</Filter>
    </MASM>
    <MASM Include="ASM\lde64.asm">
      <Filter>Source Files\Asm</Filter>
    </MASM>
    <MASM Include="ASM\interrupt-handlers.asm">
      <Filter>Source Files\Asm</Filter>
    </MASM>
    <MASM Include="ASM\exception-routines.asm">
      <Filter>Source Files\Asm</Filter>
    </MASM>
    <MASM Include="ASM\vm-launch.asm">
      <Filter>Source Files\Asm</Filter>
    </MASM>
    <MASM Include="ASM\vm-exit.asm">
      <Filter>Source Files\Asm</Filter>
    </MASM>
  </ItemGroup>
  <ItemGroup>
    <ClInclude Include="include\AllocateMem.h">
      <Filter>Header Files</Filter>
    </ClInclude>
    <ClInclude Include="include\AsmCallset.h">
      <Filter>Header Files</Filter>
    </ClInclude>
    <ClInclude Include="include\cpuid.h">
      <Filter>Header Files</Filter>
    </ClInclude>
    <ClInclude Include="include\crx.h">
      <Filter>Header Files</Filter>
    </ClInclude>
    <ClInclude Include="include\Driver.h">
      <Filter>Header Files</Filter>
    </ClInclude>
    <ClInclude Include="include\drx.h">
      <Filter>Header Files</Filter>
    </ClInclude>
    <ClInclude Include="include\ept.h">
      <Filter>Header Files</Filter>
    </ClInclude>
    <ClInclude Include="include\exception.h">
      <Filter>Header Files</Filter>
    </ClInclude>
    <ClInclude Include="include\gdt.h">
      <Filter>Header Files</Filter>
    </ClInclude>
    <ClInclude Include="include\Globals.h">
      <Filter>Header Files</Filter>
    </ClInclude>
    <ClInclude Include="include\hypervisor_gateway.h">
      <Filter>Header Files</Filter>
    </ClInclude>
    <ClInclude Include="include\hypervisor_routines.h">
      <Filter>Header Files</Filter>
    </ClInclude>
    <ClInclude Include="include\idt.h">
      <Filter>Header Files</Filter>
    </ClInclude>
    <ClInclude Include="include\interrupt.h">
      <Filter>Header Files</Filter>
    </ClInclude>
    <ClInclude Include="include\invalid_ept.h">
      <Filter>Header Files</Filter>
    </ClInclude>
    <ClInclude Include="include\invalid_pcid.h">
      <Filter>Header Files</Filter>
    </ClInclude>
    <ClInclude Include="include\invalid_vpid.h">
      <Filter>Header Files</Filter>
    </ClInclude>
    <ClInclude Include="include\msr.h">
      <Filter>Header Files</Filter>
    </ClInclude>
    <ClInclude Include="include\mtrr.h">
      <Filter>Header Files</Filter>
    </ClInclude>
    <ClInclude Include="include\ntapi.h">
      <Filter>Header Files</Filter>
    </ClInclude>
    <ClInclude Include="include\poolmanager.h">
      <Filter>Header Files</Filter>
    </ClInclude>
    <ClInclude Include="include\segment.h">
      <Filter>Header Files</Filter>
    </ClInclude>
    <ClInclude Include="include\SharedStruct.h">
      <Filter>Header Files</Filter>
    </ClInclude>
    <ClInclude Include="include\spinlock.h">
      <Filter>Header Files</Filter>
    </ClInclude>
    <ClInclude Include="include\vm_context.h">
      <Filter>Header Files</Filter>
    </ClInclude>
    <ClInclude Include="include\vmcall_handler.h">
      <Filter>Header Files</Filter>
    </ClInclude>
    <ClInclude Include="include\vmcall_reason.h">
      <Filter>Header Files</Filter>
    </ClInclude>
    <ClInclude Include="include\vmcs.h">
      <Filter>Header Files</Filter>
    </ClInclude>
    <ClInclude Include="include\vmexit_handler.h">
      <Filter>Header Files</Filter>
    </ClInclude>
    <ClInclude Include="include\vmm.h">
      <Filter>Header Files</Filter>
    </ClInclude>
    <ClInclude Include="include\vmx.h">
      <Filter>Header Files</Filter>
    </ClInclude>
    <ClInclude Include="include\HookSystem.h">
      <Filter>Header Files</Filter>
    </ClInclude>
    <ClInclude Include="include\HookHelper.h">
      <Filter>Header Files</Filter>
    </ClInclude>
    <ClInclude Include="include\CreateDriver.h">
      <Filter>Header Files</Filter>
    </ClInclude>
    <ClInclude Include="include\definitions.h">
      <Filter>Header Files</Filter>
    </ClInclude>
  </ItemGroup>
</Project>