
Microsoft Visual Studio Solution File, Format Version 12.00
# Visual Studio Version 17
VisualStudioVersion = 17.13.35828.75 d17.13
MinimumVisualStudioVersion = 10.0.40219.1
Project("{8BC9CEB8-8B4A-11D0-8D11-00A0C91BC942}") = "memproc_core", "memproc_core.vcxproj", "{B41C66E0-04F8-4049-B41F-5A0D15B1DAD7}"
EndProject
Global
	GlobalSection(SolutionConfigurationPlatforms) = preSolution
		Debug|ARM = Debug|ARM
		Debug|ARM64 = Debug|ARM64
		Debug|x64 = Debug|x64
		Debug|x86 = Debug|x86
		Release|ARM = Release|ARM
		Release|ARM64 = Release|ARM64
		Release|x64 = Release|x64
		Release|x86 = Release|x86
	EndGlobalSection
	GlobalSection(ProjectConfigurationPlatforms) = postSolution
		{B41C66E0-04F8-4049-B41F-5A0D15B1DAD7}.Debug|ARM.ActiveCfg = Debug|ARM
		{B41C66E0-04F8-4049-B41F-5A0D15B1DAD7}.Debug|ARM.Build.0 = Debug|ARM
		{B41C66E0-04F8-4049-B41F-5A0D15B1DAD7}.Debug|ARM.Deploy.0 = Debug|ARM
		{B41C66E0-04F8-4049-B41F-5A0D15B1DAD7}.Debug|ARM64.ActiveCfg = Debug|ARM64
		{B41C66E0-04F8-4049-B41F-5A0D15B1DAD7}.Debug|ARM64.Build.0 = Debug|ARM64
		{B41C66E0-04F8-4049-B41F-5A0D15B1DAD7}.Debug|ARM64.Deploy.0 = Debug|ARM64
		{B41C66E0-04F8-4049-B41F-5A0D15B1DAD7}.Debug|x64.ActiveCfg = Debug|x64
		{B41C66E0-04F8-4049-B41F-5A0D15B1DAD7}.Debug|x64.Build.0 = Debug|x64
		{B41C66E0-04F8-4049-B41F-5A0D15B1DAD7}.Debug|x64.Deploy.0 = Debug|x64
		{B41C66E0-04F8-4049-B41F-5A0D15B1DAD7}.Debug|x86.ActiveCfg = Debug|Win32
		{B41C66E0-04F8-4049-B41F-5A0D15B1DAD7}.Debug|x86.Build.0 = Debug|Win32
		{B41C66E0-04F8-4049-B41F-5A0D15B1DAD7}.Debug|x86.Deploy.0 = Debug|Win32
		{B41C66E0-04F8-4049-B41F-5A0D15B1DAD7}.Release|ARM.ActiveCfg = Release|ARM
		{B41C66E0-04F8-4049-B41F-5A0D15B1DAD7}.Release|ARM.Build.0 = Release|ARM
		{B41C66E0-04F8-4049-B41F-5A0D15B1DAD7}.Release|ARM.Deploy.0 = Release|ARM
		{B41C66E0-04F8-4049-B41F-5A0D15B1DAD7}.Release|ARM64.ActiveCfg = Release|ARM64
		{B41C66E0-04F8-4049-B41F-5A0D15B1DAD7}.Release|ARM64.Build.0 = Release|ARM64
		{B41C66E0-04F8-4049-B41F-5A0D15B1DAD7}.Release|ARM64.Deploy.0 = Release|ARM64
		{B41C66E0-04F8-4049-B41F-5A0D15B1DAD7}.Release|x64.ActiveCfg = Release|x64
		{B41C66E0-04F8-4049-B41F-5A0D15B1DAD7}.Release|x64.Build.0 = Release|x64
		{B41C66E0-04F8-4049-B41F-5A0D15B1DAD7}.Release|x64.Deploy.0 = Release|x64
		{B41C66E0-04F8-4049-B41F-5A0D15B1DAD7}.Release|x86.ActiveCfg = Release|Win32
		{B41C66E0-04F8-4049-B41F-5A0D15B1DAD7}.Release|x86.Build.0 = Release|Win32
		{B41C66E0-04F8-4049-B41F-5A0D15B1DAD7}.Release|x86.Deploy.0 = Release|Win32
	EndGlobalSection
	GlobalSection(SolutionProperties) = preSolution
		HideSolutionNode = FALSE
	EndGlobalSection
	GlobalSection(ExtensibilityGlobals) = postSolution
		SolutionGuid = {3A9A5122-63D2-4208-86D6-8C35EA7188DD}
	EndGlobalSection
EndGlobal
